
Microsoft Visual Studio Solution File, Format Version 12.00
# Visual Studio Version 17
VisualStudioVersion = 17.3.32811.315
MinimumVisualStudioVersion = 10.0.40219.1
Project("{FAE04EC0-301F-11D3-BF4B-00C04F79EFBC}") = "ejercicio1", "ejercicio1\ejercicio1.csproj", "{32873433-EAC0-4D1E-94BC-39D14B742746}"
EndProject
Global
	GlobalSection(SolutionConfigurationPlatforms) = preSolution
		Debug|Any CPU = Debug|Any CPU
		Release|Any CPU = Release|Any CPU
	EndGlobalSection
	GlobalSection(ProjectConfigurationPlatforms) = postSolution
		{32873433-EAC0-4D1E-94BC-39D14B742746}.Debug|Any CPU.ActiveCfg = Debug|Any CPU
		{32873433-EAC0-4D1E-94BC-39D14B742746}.Debug|Any CPU.Build.0 = Debug|Any CPU
		{32873433-EAC0-4D1E-94BC-39D14B742746}.Release|Any CPU.ActiveCfg = Release|Any CPU
		{32873433-EAC0-4D1E-94BC-39D14B742746}.Release|Any CPU.Build.0 = Release|Any CPU
	EndGlobalSection
	GlobalSection(SolutionProperties) = preSolution
		HideSolutionNode = FALSE
	EndGlobalSection
	GlobalSection(ExtensibilityGlobals) = postSolution
		SolutionGuid = {A966D47E-5CDF-4339-9F74-1574DB4EF9E5}
	EndGlobalSection
EndGlobal
